// !$*UTF8*$!
{
	archiveVersion = 1;
	classes = {
	};
	objectVersion = 46;
	objects = {

/* Begin PBXBuildFile section */
		57BB918A182B4DD600A3ACF8 /* Foundation.framework in Frameworks */ = {isa = PBXBuildFile; fileRef = 57BB9189182B4DD600A3ACF8 /* Foundation.framework */; };
		57BB918C182B4DD600A3ACF8 /* CoreGraphics.framework in Frameworks */ = {isa = PBXBuildFile; fileRef = 57BB918B182B4DD600A3ACF8 /* CoreGraphics.framework */; };
		57BB918E182B4DD600A3ACF8 /* UIKit.framework in Frameworks */ = {isa = PBXBuildFile; fileRef = 57BB918D182B4DD600A3ACF8 /* UIKit.framework */; };
		57BB9194182B4DD700A3ACF8 /* InfoPlist.strings in Resources */ = {isa = PBXBuildFile; fileRef = 57BB9192182B4DD700A3ACF8 /* InfoPlist.strings */; };
		57BB9196182B4DD700A3ACF8 /* main.m in Sources */ = {isa = PBXBuildFile; fileRef = 57BB9195182B4DD700A3ACF8 /* main.m */; };
		57BB919A182B4DD700A3ACF8 /* AppDelegate.m in Sources */ = {isa = PBXBuildFile; fileRef = 57BB9199182B4DD700A3ACF8 /* AppDelegate.m */; };
		57BB919D182B4DD700A3ACF8 /* Main.storyboard in Resources */ = {isa = PBXBuildFile; fileRef = 57BB919B182B4DD700A3ACF8 /* Main.storyboard */; };
		57BB91A0182B4DD700A3ACF8 /* ViewController.m in Sources */ = {isa = PBXBuildFile; fileRef = 57BB919F182B4DD700A3ACF8 /* ViewController.m */; };
		57BB91A2182B4DD700A3ACF8 /* Images.xcassets in Resources */ = {isa = PBXBuildFile; fileRef = 57BB91A1182B4DD700A3ACF8 /* Images.xcassets */; };
		57BB91A9182B4DD700A3ACF8 /* XCTest.framework in Frameworks */ = {isa = PBXBuildFile; fileRef = 57BB91A8182B4DD700A3ACF8 /* XCTest.framework */; };
		57BB91AA182B4DD700A3ACF8 /* Foundation.framework in Frameworks */ = {isa = PBXBuildFile; fileRef = 57BB9189182B4DD600A3ACF8 /* Foundation.framework */; };
		57BB91AB182B4DD700A3ACF8 /* UIKit.framework in Frameworks */ = {isa = PBXBuildFile; fileRef = 57BB918D182B4DD600A3ACF8 /* UIKit.framework */; };
		57BB91B3182B4DD700A3ACF8 /* InfoPlist.strings in Resources */ = {isa = PBXBuildFile; fileRef = 57BB91B1182B4DD700A3ACF8 /* InfoPlist.strings */; };
		57BB91B5182B4DD700A3ACF8 /* testAppTests.m in Sources */ = {isa = PBXBuildFile; fileRef = 57BB91B4182B4DD700A3ACF8 /* testAppTests.m */; };
		57BB91C1182B635100A3ACF8 /* eight_channel.jpg in Resources */ = {isa = PBXBuildFile; fileRef = 57BB91BE182B635100A3ACF8 /* eight_channel.jpg */; };
		57BB91C2182B635100A3ACF8 /* four_channel.jpg in Resources */ = {isa = PBXBuildFile; fileRef = 57BB91BF182B635100A3ACF8 /* four_channel.jpg */; };
		57BB91C3182B635100A3ACF8 /* sixteen_channel.jpg in Resources */ = {isa = PBXBuildFile; fileRef = 57BB91C0182B635100A3ACF8 /* sixteen_channel.jpg */; };
		57BB91C5182B77D300A3ACF8 /* InfoView.xib in Resources */ = {isa = PBXBuildFile; fileRef = 57BB91C4182B77D300A3ACF8 /* InfoView.xib */; };
		57BB91C8182B787F00A3ACF8 /* InfoViewController.m in Sources */ = {isa = PBXBuildFile; fileRef = 57BB91C7182B787F00A3ACF8 /* InfoViewController.m */; };
		57BB91CA182B7B4400A3ACF8 /* MoubarakJamal_ProfilePicture.jpg in Resources */ = {isa = PBXBuildFile; fileRef = 57BB91C9182B7B4400A3ACF8 /* MoubarakJamal_ProfilePicture.jpg */; };
		57BB91D5182BF76500A3ACF8 /* baseCamera.m in Sources */ = {isa = PBXBuildFile; fileRef = 57BB91CC182BF76500A3ACF8 /* baseCamera.m */; };
		57BB91D6182BF76500A3ACF8 /* cameraFactory.m in Sources */ = {isa = PBXBuildFile; fileRef = 57BB91CE182BF76500A3ACF8 /* cameraFactory.m */; };
		57BB91D7182BF76500A3ACF8 /* eightCamera.m in Sources */ = {isa = PBXBuildFile; fileRef = 57BB91D0182BF76500A3ACF8 /* eightCamera.m */; };
		57BB91D8182BF76500A3ACF8 /* fourCamera.m in Sources */ = {isa = PBXBuildFile; fileRef = 57BB91D2182BF76500A3ACF8 /* fourCamera.m */; };
		57BB91D9182BF76500A3ACF8 /* sixteenCamera.m in Sources */ = {isa = PBXBuildFile; fileRef = 57BB91D4182BF76500A3ACF8 /* sixteenCamera.m */; };
/* End PBXBuildFile section */

/* Begin PBXContainerItemProxy section */
		57BB91AC182B4DD700A3ACF8 /* PBXContainerItemProxy */ = {
			isa = PBXContainerItemProxy;
			containerPortal = 57BB917E182B4DD500A3ACF8 /* Project object */;
			proxyType = 1;
			remoteGlobalIDString = 57BB9185182B4DD600A3ACF8;
			remoteInfo = testApp;
		};
/* End PBXContainerItemProxy section */

/* Begin PBXFileReference section */
		57BB9186182B4DD600A3ACF8 /* testApp.app */ = {isa = PBXFileReference; explicitFileType = wrapper.application; includeInIndex = 0; path = testApp.app; sourceTree = BUILT_PRODUCTS_DIR; };
		57BB9189182B4DD600A3ACF8 /* Foundation.framework */ = {isa = PBXFileReference; lastKnownFileType = wrapper.framework; name = Foundation.framework; path = System/Library/Frameworks/Foundation.framework; sourceTree = SDKROOT; };
		57BB918B182B4DD600A3ACF8 /* CoreGraphics.framework */ = {isa = PBXFileReference; lastKnownFileType = wrapper.framework; name = CoreGraphics.framework; path = System/Library/Frameworks/CoreGraphics.framework; sourceTree = SDKROOT; };
		57BB918D182B4DD600A3ACF8 /* UIKit.framework */ = {isa = PBXFileReference; lastKnownFileType = wrapper.framework; name = UIKit.framework; path = System/Library/Frameworks/UIKit.framework; sourceTree = SDKROOT; };
		57BB9191182B4DD700A3ACF8 /* testApp-Info.plist */ = {isa = PBXFileReference; lastKnownFileType = text.plist.xml; path = "testApp-Info.plist"; sourceTree = "<group>"; };
		57BB9193182B4DD700A3ACF8 /* en */ = {isa = PBXFileReference; lastKnownFileType = text.plist.strings; name = en; path = en.lproj/InfoPlist.strings; sourceTree = "<group>"; };
		57BB9195182B4DD700A3ACF8 /* main.m */ = {isa = PBXFileReference; lastKnownFileType = sourcecode.c.objc; path = main.m; sourceTree = "<group>"; };
		57BB9197182B4DD700A3ACF8 /* testApp-Prefix.pch */ = {isa = PBXFileReference; lastKnownFileType = sourcecode.c.h; path = "testApp-Prefix.pch"; sourceTree = "<group>"; };
		57BB9198182B4DD700A3ACF8 /* AppDelegate.h */ = {isa = PBXFileReference; lastKnownFileType = sourcecode.c.h; path = AppDelegate.h; sourceTree = "<group>"; };
		57BB9199182B4DD700A3ACF8 /* AppDelegate.m */ = {isa = PBXFileReference; lastKnownFileType = sourcecode.c.objc; path = AppDelegate.m; sourceTree = "<group>"; };
		57BB919C182B4DD700A3ACF8 /* Base */ = {isa = PBXFileReference; lastKnownFileType = file.storyboard; name = Base; path = Base.lproj/Main.storyboard; sourceTree = "<group>"; };
		57BB919E182B4DD700A3ACF8 /* ViewController.h */ = {isa = PBXFileReference; lastKnownFileType = sourcecode.c.h; path = ViewController.h; sourceTree = "<group>"; };
		57BB919F182B4DD700A3ACF8 /* ViewController.m */ = {isa = PBXFileReference; lastKnownFileType = sourcecode.c.objc; path = ViewController.m; sourceTree = "<group>"; };
		57BB91A1182B4DD700A3ACF8 /* Images.xcassets */ = {isa = PBXFileReference; lastKnownFileType = folder.assetcatalog; path = Images.xcassets; sourceTree = "<group>"; };
		57BB91A7182B4DD700A3ACF8 /* testAppTests.xctest */ = {isa = PBXFileReference; explicitFileType = wrapper.cfbundle; includeInIndex = 0; path = testAppTests.xctest; sourceTree = BUILT_PRODUCTS_DIR; };
		57BB91A8182B4DD700A3ACF8 /* XCTest.framework */ = {isa = PBXFileReference; lastKnownFileType = wrapper.framework; name = XCTest.framework; path = Library/Frameworks/XCTest.framework; sourceTree = DEVELOPER_DIR; };
		57BB91B0182B4DD700A3ACF8 /* testAppTests-Info.plist */ = {isa = PBXFileReference; lastKnownFileType = text.plist.xml; path = "testAppTests-Info.plist"; sourceTree = "<group>"; };
		57BB91B2182B4DD700A3ACF8 /* en */ = {isa = PBXFileReference; lastKnownFileType = text.plist.strings; name = en; path = en.lproj/InfoPlist.strings; sourceTree = "<group>"; };
		57BB91B4182B4DD700A3ACF8 /* testAppTests.m */ = {isa = PBXFileReference; lastKnownFileType = sourcecode.c.objc; path = testAppTests.m; sourceTree = "<group>"; };
		57BB91BE182B635100A3ACF8 /* eight_channel.jpg */ = {isa = PBXFileReference; lastKnownFileType = image.jpeg; path = eight_channel.jpg; sourceTree = "<group>"; };
		57BB91BF182B635100A3ACF8 /* four_channel.jpg */ = {isa = PBXFileReference; lastKnownFileType = image.jpeg; path = four_channel.jpg; sourceTree = "<group>"; };
		57BB91C0182B635100A3ACF8 /* sixteen_channel.jpg */ = {isa = PBXFileReference; lastKnownFileType = image.jpeg; path = sixteen_channel.jpg; sourceTree = "<group>"; };
		57BB91C4182B77D300A3ACF8 /* InfoView.xib */ = {isa = PBXFileReference; fileEncoding = 4; lastKnownFileType = file.xib; path = InfoView.xib; sourceTree = "<group>"; };
		57BB91C6182B787F00A3ACF8 /* InfoViewController.h */ = {isa = PBXFileReference; fileEncoding = 4; lastKnownFileType = sourcecode.c.h; path = InfoViewController.h; sourceTree = "<group>"; };
		57BB91C7182B787F00A3ACF8 /* InfoViewController.m */ = {isa = PBXFileReference; fileEncoding = 4; lastKnownFileType = sourcecode.c.objc; path = InfoViewController.m; sourceTree = "<group>"; };
		57BB91C9182B7B4400A3ACF8 /* MoubarakJamal_ProfilePicture.jpg */ = {isa = PBXFileReference; lastKnownFileType = image.jpeg; path = MoubarakJamal_ProfilePicture.jpg; sourceTree = "<group>"; };
		57BB91CB182BF76500A3ACF8 /* baseCamera.h */ = {isa = PBXFileReference; fileEncoding = 4; lastKnownFileType = sourcecode.c.h; path = baseCamera.h; sourceTree = "<group>"; };
		57BB91CC182BF76500A3ACF8 /* baseCamera.m */ = {isa = PBXFileReference; fileEncoding = 4; lastKnownFileType = sourcecode.c.objc; path = baseCamera.m; sourceTree = "<group>"; };
		57BB91CD182BF76500A3ACF8 /* cameraFactory.h */ = {isa = PBXFileReference; fileEncoding = 4; lastKnownFileType = sourcecode.c.h; path = cameraFactory.h; sourceTree = "<group>"; };
		57BB91CE182BF76500A3ACF8 /* cameraFactory.m */ = {isa = PBXFileReference; fileEncoding = 4; lastKnownFileType = sourcecode.c.objc; path = cameraFactory.m; sourceTree = "<group>"; };
		57BB91CF182BF76500A3ACF8 /* eightCamera.h */ = {isa = PBXFileReference; fileEncoding = 4; lastKnownFileType = sourcecode.c.h; path = eightCamera.h; sourceTree = "<group>"; };
		57BB91D0182BF76500A3ACF8 /* eightCamera.m */ = {isa = PBXFileReference; fileEncoding = 4; lastKnownFileType = sourcecode.c.objc; path = eightCamera.m; sourceTree = "<group>"; };
		57BB91D1182BF76500A3ACF8 /* fourCamera.h */ = {isa = PBXFileReference; fileEncoding = 4; lastKnownFileType = sourcecode.c.h; path = fourCamera.h; sourceTree = "<group>"; };
		57BB91D2182BF76500A3ACF8 /* fourCamera.m */ = {isa = PBXFileReference; fileEncoding = 4; lastKnownFileType = sourcecode.c.objc; path = fourCamera.m; sourceTree = "<group>"; };
		57BB91D3182BF76500A3ACF8 /* sixteenCamera.h */ = {isa = PBXFileReference; fileEncoding = 4; lastKnownFileType = sourcecode.c.h; path = sixteenCamera.h; sourceTree = "<group>"; };
		57BB91D4182BF76500A3ACF8 /* sixteenCamera.m */ = {isa = PBXFileReference; fileEncoding = 4; lastKnownFileType = sourcecode.c.objc; path = sixteenCamera.m; sourceTree = "<group>"; };
/* End PBXFileReference section */

/* Begin PBXFrameworksBuildPhase section */
		57BB9183182B4DD600A3ACF8 /* Frameworks */ = {
			isa = PBXFrameworksBuildPhase;
			buildActionMask = 2147483647;
			files = (
				57BB918C182B4DD600A3ACF8 /* CoreGraphics.framework in Frameworks */,
				57BB918E182B4DD600A3ACF8 /* UIKit.framework in Frameworks */,
				57BB918A182B4DD600A3ACF8 /* Foundation.framework in Frameworks */,
			);
			runOnlyForDeploymentPostprocessing = 0;
		};
		57BB91A4182B4DD700A3ACF8 /* Frameworks */ = {
			isa = PBXFrameworksBuildPhase;
			buildActionMask = 2147483647;
			files = (
				57BB91A9182B4DD700A3ACF8 /* XCTest.framework in Frameworks */,
				57BB91AB182B4DD700A3ACF8 /* UIKit.framework in Frameworks */,
				57BB91AA182B4DD700A3ACF8 /* Foundation.framework in Frameworks */,
			);
			runOnlyForDeploymentPostprocessing = 0;
		};
/* End PBXFrameworksBuildPhase section */

/* Begin PBXGroup section */
		57BB917D182B4DD500A3ACF8 = {
			isa = PBXGroup;
			children = (
				57BB918F182B4DD600A3ACF8 /* testApp */,
				57BB91AE182B4DD700A3ACF8 /* testAppTests */,
				57BB9188182B4DD600A3ACF8 /* Frameworks */,
				57BB9187182B4DD600A3ACF8 /* Products */,
			);
			sourceTree = "<group>";
		};
		57BB9187182B4DD600A3ACF8 /* Products */ = {
			isa = PBXGroup;
			children = (
				57BB9186182B4DD600A3ACF8 /* testApp.app */,
				57BB91A7182B4DD700A3ACF8 /* testAppTests.xctest */,
			);
			name = Products;
			sourceTree = "<group>";
		};
		57BB9188182B4DD600A3ACF8 /* Frameworks */ = {
			isa = PBXGroup;
			children = (
				57BB9189182B4DD600A3ACF8 /* Foundation.framework */,
				57BB918B182B4DD600A3ACF8 /* CoreGraphics.framework */,
				57BB918D182B4DD600A3ACF8 /* UIKit.framework */,
				57BB91A8182B4DD700A3ACF8 /* XCTest.framework */,
			);
			name = Frameworks;
			sourceTree = "<group>";
		};
		57BB918F182B4DD600A3ACF8 /* testApp */ = {
			isa = PBXGroup;
			children = (
				57BB91C9182B7B4400A3ACF8 /* MoubarakJamal_ProfilePicture.jpg */,
				57BB91BE182B635100A3ACF8 /* eight_channel.jpg */,
				57BB91BF182B635100A3ACF8 /* four_channel.jpg */,
				57BB91C0182B635100A3ACF8 /* sixteen_channel.jpg */,
				57BB9198182B4DD700A3ACF8 /* AppDelegate.h */,
				57BB9199182B4DD700A3ACF8 /* AppDelegate.m */,
				57BB919B182B4DD700A3ACF8 /* Main.storyboard */,
				57BB919E182B4DD700A3ACF8 /* ViewController.h */,
				57BB919F182B4DD700A3ACF8 /* ViewController.m */,
				57BB91A1182B4DD700A3ACF8 /* Images.xcassets */,
				57BB9190182B4DD600A3ACF8 /* Supporting Files */,
				57BB91C4182B77D300A3ACF8 /* InfoView.xib */,
				57BB91C6182B787F00A3ACF8 /* InfoViewController.h */,
				57BB91C7182B787F00A3ACF8 /* InfoViewController.m */,
			);
			path = testApp;
			sourceTree = "<group>";
		};
		57BB9190182B4DD600A3ACF8 /* Supporting Files */ = {
			isa = PBXGroup;
			children = (
				57BB91CB182BF76500A3ACF8 /* baseCamera.h */,
				57BB91CC182BF76500A3ACF8 /* baseCamera.m */,
				57BB91CD182BF76500A3ACF8 /* cameraFactory.h */,
				57BB91CE182BF76500A3ACF8 /* cameraFactory.m */,
				57BB91CF182BF76500A3ACF8 /* eightCamera.h */,
				57BB91D0182BF76500A3ACF8 /* eightCamera.m */,
				57BB91D1182BF76500A3ACF8 /* fourCamera.h */,
				57BB91D2182BF76500A3ACF8 /* fourCamera.m */,
				57BB91D3182BF76500A3ACF8 /* sixteenCamera.h */,
				57BB91D4182BF76500A3ACF8 /* sixteenCamera.m */,
				57BB9191182B4DD700A3ACF8 /* testApp-Info.plist */,
				57BB9192182B4DD700A3ACF8 /* InfoPlist.strings */,
				57BB9195182B4DD700A3ACF8 /* main.m */,
				57BB9197182B4DD700A3ACF8 /* testApp-Prefix.pch */,
			);
			name = "Supporting Files";
			sourceTree = "<group>";
		};
		57BB91AE182B4DD700A3ACF8 /* testAppTests */ = {
			isa = PBXGroup;
			children = (
				57BB91B4182B4DD700A3ACF8 /* testAppTests.m */,
				57BB91AF182B4DD700A3ACF8 /* Supporting Files */,
			);
			path = testAppTests;
			sourceTree = "<group>";
		};
		57BB91AF182B4DD700A3ACF8 /* Supporting Files */ = {
			isa = PBXGroup;
			children = (
				57BB91B0182B4DD700A3ACF8 /* testAppTests-Info.plist */,
				57BB91B1182B4DD700A3ACF8 /* InfoPlist.strings */,
			);
			name = "Supporting Files";
			sourceTree = "<group>";
		};
/* End PBXGroup section */

/* Begin PBXNativeTarget section */
		57BB9185182B4DD600A3ACF8 /* testApp */ = {
			isa = PBXNativeTarget;
			buildConfigurationList = 57BB91B8182B4DD700A3ACF8 /* Build configuration list for PBXNativeTarget "testApp" */;
			buildPhases = (
				57BB9182182B4DD600A3ACF8 /* Sources */,
				57BB9183182B4DD600A3ACF8 /* Frameworks */,
				57BB9184182B4DD600A3ACF8 /* Resources */,
			);
			buildRules = (
			);
			dependencies = (
			);
			name = testApp;
			productName = testApp;
			productReference = 57BB9186182B4DD600A3ACF8 /* testApp.app */;
			productType = "com.apple.product-type.application";
		};
		57BB91A6182B4DD700A3ACF8 /* testAppTests */ = {
			isa = PBXNativeTarget;
			buildConfigurationList = 57BB91BB182B4DD700A3ACF8 /* Build configuration list for PBXNativeTarget "testAppTests" */;
			buildPhases = (
				57BB91A3182B4DD700A3ACF8 /* Sources */,
				57BB91A4182B4DD700A3ACF8 /* Frameworks */,
				57BB91A5182B4DD700A3ACF8 /* Resources */,
			);
			buildRules = (
			);
			dependencies = (
				57BB91AD182B4DD700A3ACF8 /* PBXTargetDependency */,
			);
			name = testAppTests;
			productName = testAppTests;
			productReference = 57BB91A7182B4DD700A3ACF8 /* testAppTests.xctest */;
			productType = "com.apple.product-type.bundle.unit-test";
		};
/* End PBXNativeTarget section */

/* Begin PBXProject section */
		57BB917E182B4DD500A3ACF8 /* Project object */ = {
			isa = PBXProject;
			attributes = {
				LastUpgradeCheck = 0500;
				ORGANIZATIONNAME = "Jamal Moubarak";
				TargetAttributes = {
					57BB91A6182B4DD700A3ACF8 = {
						TestTargetID = 57BB9185182B4DD600A3ACF8;
					};
				};
			};
			buildConfigurationList = 57BB9181182B4DD500A3ACF8 /* Build configuration list for PBXProject "testApp" */;
			compatibilityVersion = "Xcode 3.2";
			developmentRegion = English;
			hasScannedForEncodings = 0;
			knownRegions = (
				en,
				Base,
			);
			mainGroup = 57BB917D182B4DD500A3ACF8;
			productRefGroup = 57BB9187182B4DD600A3ACF8 /* Products */;
			projectDirPath = "";
			projectRoot = "";
			targets = (
				57BB9185182B4DD600A3ACF8 /* testApp */,
				57BB91A6182B4DD700A3ACF8 /* testAppTests */,
			);
		};
/* End PBXProject section */

/* Begin PBXResourcesBuildPhase section */
		57BB9184182B4DD600A3ACF8 /* Resources */ = {
			isa = PBXResourcesBuildPhase;
			buildActionMask = 2147483647;
			files = (
				57BB91C3182B635100A3ACF8 /* sixteen_channel.jpg in Resources */,
				57BB91A2182B4DD700A3ACF8 /* Images.xcassets in Resources */,
				57BB91C2182B635100A3ACF8 /* four_channel.jpg in Resources */,
				57BB91C5182B77D300A3ACF8 /* InfoView.xib in Resources */,
				57BB91CA182B7B4400A3ACF8 /* MoubarakJamal_ProfilePicture.jpg in Resources */,
				57BB91C1182B635100A3ACF8 /* eight_channel.jpg in Resources */,
				57BB9194182B4DD700A3ACF8 /* InfoPlist.strings in Resources */,
				57BB919D182B4DD700A3ACF8 /* Main.storyboard in Resources */,
			);
			runOnlyForDeploymentPostprocessing = 0;
		};
		57BB91A5182B4DD700A3ACF8 /* Resources */ = {
			isa = PBXResourcesBuildPhase;
			buildActionMask = 2147483647;
			files = (
				57BB91B3182B4DD700A3ACF8 /* InfoPlist.strings in Resources */,
			);
			runOnlyForDeploymentPostprocessing = 0;
		};
/* End PBXResourcesBuildPhase section */

/* Begin PBXSourcesBuildPhase section */
		57BB9182182B4DD600A3ACF8 /* Sources */ = {
			isa = PBXSourcesBuildPhase;
			buildActionMask = 2147483647;
			files = (
				57BB91A0182B4DD700A3ACF8 /* ViewController.m in Sources */,
				57BB91D7182BF76500A3ACF8 /* eightCamera.m in Sources */,
				57BB919A182B4DD700A3ACF8 /* AppDelegate.m in Sources */,
				57BB9196182B4DD700A3ACF8 /* main.m in Sources */,
				57BB91D8182BF76500A3ACF8 /* fourCamera.m in Sources */,
				57BB91D9182BF76500A3ACF8 /* sixteenCamera.m in Sources */,
				57BB91D6182BF76500A3ACF8 /* cameraFactory.m in Sources */,
				57BB91D5182BF76500A3ACF8 /* baseCamera.m in Sources */,
				57BB91C8182B787F00A3ACF8 /* InfoViewController.m in Sources */,
			);
			runOnlyForDeploymentPostprocessing = 0;
		};
		57BB91A3182B4DD700A3ACF8 /* Sources */ = {
			isa = PBXSourcesBuildPhase;
			buildActionMask = 2147483647;
			files = (
				57BB91B5182B4DD700A3ACF8 /* testAppTests.m in Sources */,
			);
			runOnlyForDeploymentPostprocessing = 0;
		};
/* End PBXSourcesBuildPhase section */

/* Begin PBXTargetDependency section */
		57BB91AD182B4DD700A3ACF8 /* PBXTargetDependency */ = {
			isa = PBXTargetDependency;
			target = 57BB9185182B4DD600A3ACF8 /* testApp */;
			targetProxy = 57BB91AC182B4DD700A3ACF8 /* PBXContainerItemProxy */;
		};
/* End PBXTargetDependency section */

/* Begin PBXVariantGroup section */
		57BB9192182B4DD700A3ACF8 /* InfoPlist.strings */ = {
			isa = PBXVariantGroup;
			children = (
				57BB9193182B4DD700A3ACF8 /* en */,
			);
			name = InfoPlist.strings;
			sourceTree = "<group>";
		};
		57BB919B182B4DD700A3ACF8 /* Main.storyboard */ = {
			isa = PBXVariantGroup;
			children = (
				57BB919C182B4DD700A3ACF8 /* Base */,
			);
			name = Main.storyboard;
			sourceTree = "<group>";
		};
		57BB91B1182B4DD700A3ACF8 /* InfoPlist.strings */ = {
			isa = PBXVariantGroup;
			children = (
				57BB91B2182B4DD700A3ACF8 /* en */,
			);
			name = InfoPlist.strings;
			sourceTree = "<group>";
		};
/* End PBXVariantGroup section */

/* Begin XCBuildConfiguration section */
		57BB91B6182B4DD700A3ACF8 /* Debug */ = {
			isa = XCBuildConfiguration;
			buildSettings = {
				ALWAYS_SEARCH_USER_PATHS = NO;
				ARCHS = "$(ARCHS_STANDARD_INCLUDING_64_BIT)";
				CLANG_CXX_LANGUAGE_STANDARD = "gnu++0x";
				CLANG_CXX_LIBRARY = "libc++";
				CLANG_ENABLE_MODULES = YES;
				CLANG_ENABLE_OBJC_ARC = YES;
				CLANG_WARN_BOOL_CONVERSION = YES;
				CLANG_WARN_CONSTANT_CONVERSION = YES;
				CLANG_WARN_DIRECT_OBJC_ISA_USAGE = YES_ERROR;
				CLANG_WARN_EMPTY_BODY = YES;
				CLANG_WARN_ENUM_CONVERSION = YES;
				CLANG_WARN_INT_CONVERSION = YES;
				CLANG_WARN_OBJC_ROOT_CLASS = YES_ERROR;
				CLANG_WARN__DUPLICATE_METHOD_MATCH = YES;
				"CODE_SIGN_IDENTITY[sdk=iphoneos*]" = "iPhone Developer";
				COPY_PHASE_STRIP = NO;
				GCC_C_LANGUAGE_STANDARD = gnu99;
				GCC_DYNAMIC_NO_PIC = NO;
				GCC_OPTIMIZATION_LEVEL = 0;
				GCC_PREPROCESSOR_DEFINITIONS = (
					"DEBUG=1",
					"$(inherited)",
				);
				GCC_SYMBOLS_PRIVATE_EXTERN = NO;
				GCC_WARN_64_TO_32_BIT_CONVERSION = YES;
				GCC_WARN_ABOUT_RETURN_TYPE = YES_ERROR;
				GCC_WARN_UNDECLARED_SELECTOR = YES;
				GCC_WARN_UNINITIALIZED_AUTOS = YES;
				GCC_WARN_UNUSED_FUNCTION = YES;
				GCC_WARN_UNUSED_VARIABLE = YES;
				IPHONEOS_DEPLOYMENT_TARGET = 7.0;
				ONLY_ACTIVE_ARCH = YES;
				SDKROOT = iphoneos;
			};
			name = Debug;
		};
		57BB91B7182B4DD700A3ACF8 /* Release */ = {
			isa = XCBuildConfiguration;
			buildSettings = {
				ALWAYS_SEARCH_USER_PATHS = NO;
				ARCHS = "$(ARCHS_STANDARD_INCLUDING_64_BIT)";
				CLANG_CXX_LANGUAGE_STANDARD = "gnu++0x";
				CLANG_CXX_LIBRARY = "libc++";
				CLANG_ENABLE_MODULES = YES;
				CLANG_ENABLE_OBJC_ARC = YES;
				CLANG_WARN_BOOL_CONVERSION = YES;
				CLANG_WARN_CONSTANT_CONVERSION = YES;
				CLANG_WARN_DIRECT_OBJC_ISA_USAGE = YES_ERROR;
				CLANG_WARN_EMPTY_BODY = YES;
				CLANG_WARN_ENUM_CONVERSION = YES;
				CLANG_WARN_INT_CONVERSION = YES;
				CLANG_WARN_OBJC_ROOT_CLASS = YES_ERROR;
				CLANG_WARN__DUPLICATE_METHOD_MATCH = YES;
				"CODE_SIGN_IDENTITY[sdk=iphoneos*]" = "iPhone Developer";
				COPY_PHASE_STRIP = YES;
				ENABLE_NS_ASSERTIONS = NO;
				GCC_C_LANGUAGE_STANDARD = gnu99;
				GCC_WARN_64_TO_32_BIT_CONVERSION = YES;
				GCC_WARN_ABOUT_RETURN_TYPE = YES_ERROR;
				GCC_WARN_UNDECLARED_SELECTOR = YES;
				GCC_WARN_UNINITIALIZED_AUTOS = YES;
				GCC_WARN_UNUSED_FUNCTION = YES;
				GCC_WARN_UNUSED_VARIABLE = YES;
				IPHONEOS_DEPLOYMENT_TARGET = 7.0;
				SDKROOT = iphoneos;
				VALIDATE_PRODUCT = YES;
			};
			name = Release;
		};
		57BB91B9182B4DD700A3ACF8 /* Debug */ = {
			isa = XCBuildConfiguration;
			buildSettings = {
				ASSETCATALOG_COMPILER_APPICON_NAME = AppIcon;
				ASSETCATALOG_COMPILER_LAUNCHIMAGE_NAME = LaunchImage;
				GCC_PRECOMPILE_PREFIX_HEADER = YES;
				GCC_PREFIX_HEADER = "testApp/testApp-Prefix.pch";
				INFOPLIST_FILE = "testApp/testApp-Info.plist";
				PRODUCT_NAME = "$(TARGET_NAME)";
				WRAPPER_EXTENSION = app;
			};
			name = Debug;
		};
		57BB91BA182B4DD700A3ACF8 /* Release */ = {
			isa = XCBuildConfiguration;
			buildSettings = {
				ASSETCATALOG_COMPILER_APPICON_NAME = AppIcon;
				ASSETCATALOG_COMPILER_LAUNCHIMAGE_NAME = LaunchImage;
				GCC_PRECOMPILE_PREFIX_HEADER = YES;
				GCC_PREFIX_HEADER = "testApp/testApp-Prefix.pch";
				INFOPLIST_FILE = "testApp/testApp-Info.plist";
				PRODUCT_NAME = "$(TARGET_NAME)";
				WRAPPER_EXTENSION = app;
			};
			name = Release;
		};
		57BB91BC182B4DD700A3ACF8 /* Debug */ = {
			isa = XCBuildConfiguration;
			buildSettings = {
				ARCHS = "$(ARCHS_STANDARD_INCLUDING_64_BIT)";
				BUNDLE_LOADER = "$(BUILT_PRODUCTS_DIR)/testApp.app/testApp";
				FRAMEWORK_SEARCH_PATHS = (
					"$(SDKROOT)/Developer/Library/Frameworks",
					"$(inherited)",
					"$(DEVELOPER_FRAMEWORKS_DIR)",
				);
				GCC_PRECOMPILE_PREFIX_HEADER = YES;
				GCC_PREFIX_HEADER = "testApp/testApp-Prefix.pch";
				GCC_PREPROCESSOR_DEFINITIONS = (
					"DEBUG=1",
					"$(inherited)",
				);
				INFOPLIST_FILE = "testAppTests/testAppTests-Info.plist";
				PRODUCT_NAME = "$(TARGET_NAME)";
				TEST_HOST = "$(BUNDLE_LOADER)";
				WRAPPER_EXTENSION = xctest;
			};
			name = Debug;
		};
		57BB91BD182B4DD700A3ACF8 /* Release */ = {
			isa = XCBuildConfiguration;
			buildSettings = {
				ARCHS = "$(ARCHS_STANDARD_INCLUDING_64_BIT)";
				BUNDLE_LOADER = "$(BUILT_PRODUCTS_DIR)/testApp.app/testApp";
				FRAMEWORK_SEARCH_PATHS = (
					"$(SDKROOT)/Developer/Library/Frameworks",
					"$(inherited)",
					"$(DEVELOPER_FRAMEWORKS_DIR)",
				);
				GCC_PRECOMPILE_PREFIX_HEADER = YES;
				GCC_PREFIX_HEADER = "testApp/testApp-Prefix.pch";
				INFOPLIST_FILE = "testAppTests/testAppTests-Info.plist";
				PRODUCT_NAME = "$(TARGET_NAME)";
				TEST_HOST = "$(BUNDLE_LOADER)";
				WRAPPER_EXTENSION = xctest;
			};
			name = Release;
		};
/* End XCBuildConfiguration section */

/* Begin XCConfigurationList section */
		57BB9181182B4DD500A3ACF8 /* Build configuration list for PBXProject "testApp" */ = {
			isa = XCConfigurationList;
			buildConfigurations = (
				57BB91B6182B4DD700A3ACF8 /* Debug */,
				57BB91B7182B4DD700A3ACF8 /* Release */,
			);
			defaultConfigurationIsVisible = 0;
			defaultConfigurationName = Release;
		};
		57BB91B8182B4DD700A3ACF8 /* Build configuration list for PBXNativeTarget "testApp" */ = {
			isa = XCConfigurationList;
			buildConfigurations = (
				57BB91B9182B4DD700A3ACF8 /* Debug */,
				57BB91BA182B4DD700A3ACF8 /* Release */,
			);
			defaultConfigurationIsVisible = 0;
		};
		57BB91BB182B4DD700A3ACF8 /* Build configuration list for PBXNativeTarget "testAppTests" */ = {
			isa = XCConfigurationList;
			buildConfigurations = (
				57BB91BC182B4DD700A3ACF8 /* Debug */,
				57BB91BD182B4DD700A3ACF8 /* Release */,
			);
			defaultConfigurationIsVisible = 0;
		};
/* End XCConfigurationList section */
	};
	rootObject = 57BB917E182B4DD500A3ACF8 /* Project object */;
}
